
Microsoft Visual Studio Solution File, Format Version 12.00
# Visual Studio 2015
Project("{FAE04EC0-301F-11D3-BF4B-00C04F79EFBC}") = "TreeNodeEditor.CSharp", "TreeNodeEditor.CSharp.csproj", "{EDAE6B6D-C471-E141-DDD5-B0FAD77EE4F4}"
EndProject
Global
	GlobalSection(SolutionConfigurationPlatforms) = preSolution
		Debug|Any CPU = Debug|Any CPU
		Release|Any CPU = Release|Any CPU
	EndGlobalSection
	GlobalSection(ProjectConfigurationPlatforms) = postSolution
		{EDAE6B6D-C471-E141-DDD5-B0FAD77EE4F4}.Debug|Any CPU.ActiveCfg = Debug|Any CPU
		{EDAE6B6D-C471-E141-DDD5-B0FAD77EE4F4}.Debug|Any CPU.Build.0 = Debug|Any CPU
		{EDAE6B6D-C471-E141-DDD5-B0FAD77EE4F4}.Release|Any CPU.ActiveCfg = Release|Any CPU
		{EDAE6B6D-C471-E141-DDD5-B0FAD77EE4F4}.Release|Any CPU.Build.0 = Release|Any CPU
	EndGlobalSection
	GlobalSection(SolutionProperties) = preSolution
		HideSolutionNode = FALSE
	EndGlobalSection
EndGlobal
