Microsoft Visual Studio Solution File, Format Version 11.00
# Visual Studio 2008

Project("{952951AA-DC7E-0AF1-D5AA-F25EDF3E77E0}") = "TreeNodeEditor", "Assembly-CSharp.csproj", "{B93C4B3D-755B-4851-77AA-C3DEE7B918F0}"
EndProject
Global
	GlobalSection(SolutionConfigurationPlatforms) = preSolution
		Debug|Any CPU = Debug|Any CPU
		Release|Any CPU = Release|Any CPU
	EndGlobalSection
	GlobalSection(ProjectConfigurationPlatforms) = postSolution
		{B93C4B3D-755B-4851-77AA-C3DEE7B918F0}.Debug|Any CPU.ActiveCfg = Debug|Any CPU
		{B93C4B3D-755B-4851-77AA-C3DEE7B918F0}.Debug|Any CPU.Build.0 = Debug|Any CPU
		{B93C4B3D-755B-4851-77AA-C3DEE7B918F0}.Release|Any CPU.ActiveCfg = Release|Any CPU
		{B93C4B3D-755B-4851-77AA-C3DEE7B918F0}.Release|Any CPU.Build.0 = Release|Any CPU
	EndGlobalSection
	GlobalSection(SolutionProperties) = preSolution
		HideSolutionNode = FALSE
	EndGlobalSection
	GlobalSection(MonoDevelopProperties) = preSolution
		StartupItem = Assembly-CSharp.csproj
	EndGlobalSection
EndGlobal
